
Microsoft Visual Studio Solution File, Format Version 12.00
# Visual Studio Version 17
VisualStudioVersion = 17.10.35013.160
MinimumVisualStudioVersion = 10.0.40219.1
Project("{9A19103F-16F7-4668-BE54-9A1E7A4F7556}") = "iit", "iit\iit.csproj", "{C9E0604F-ABE6-4EDC-8ADF-21DF3AAC714B}"
EndProject
Project("{2150E333-8FDC-42A3-9474-1A3956D46DE8}") = "Migrations", "Migrations", "{84D20E17-EFE5-4023-B07D-2E6ED27A69C1}"
	ProjectSection(SolutionItems) = preProject
		20230308044123_AddCategoryToDatabase.cs = 20230308044123_AddCategoryToDatabase.cs
		ApplicationDbContextModelSnapshot.cs = ApplicationDbContextModelSnapshot.cs
	EndProjectSection
EndProject
Global
	GlobalSection(SolutionConfigurationPlatforms) = preSolution
		Debug|Any CPU = Debug|Any CPU
		Release|Any CPU = Release|Any CPU
	EndGlobalSection
	GlobalSection(ProjectConfigurationPlatforms) = postSolution
		{C9E0604F-ABE6-4EDC-8ADF-21DF3AAC714B}.Debug|Any CPU.ActiveCfg = Debug|Any CPU
		{C9E0604F-ABE6-4EDC-8ADF-21DF3AAC714B}.Debug|Any CPU.Build.0 = Debug|Any CPU
		{C9E0604F-ABE6-4EDC-8ADF-21DF3AAC714B}.Release|Any CPU.ActiveCfg = Release|Any CPU
		{C9E0604F-ABE6-4EDC-8ADF-21DF3AAC714B}.Release|Any CPU.Build.0 = Release|Any CPU
	EndGlobalSection
	GlobalSection(SolutionProperties) = preSolution
		HideSolutionNode = FALSE
	EndGlobalSection
	GlobalSection(ExtensibilityGlobals) = postSolution
		SolutionGuid = {2BE6CFB2-AC28-4A18-A338-000FB4D85B64}
	EndGlobalSection
EndGlobal
